
Microsoft Visual Studio Solution File, Format Version 12.00
# Visual Studio Version 16
VisualStudioVersion = 16.0.30717.126
MinimumVisualStudioVersion = 10.0.40219.1
Project("{FAE04EC0-301F-11D3-BF4B-00C04F79EFBC}") = "PulseEight.ProAmp8.IP", "Pulse-Eight ProAmp8\PulseEight.ProAmp8.IP.csproj", "{2B457F46-49E9-4E66-9CBF-3288B7D4E3CD}"
EndProject
Project("{FAE04EC0-301F-11D3-BF4B-00C04F79EFBC}") = "PulseEight.Neo8.IP", "Pulse-Eight Neo\PulseEight.Neo8.IP.csproj", "{78DA7060-D54B-4825-9432-1FEA934DA2F8}"
EndProject
Global
	GlobalSection(SolutionConfigurationPlatforms) = preSolution
		Debug|Any CPU = Debug|Any CPU
		Release|Any CPU = Release|Any CPU
	EndGlobalSection
	GlobalSection(ProjectConfigurationPlatforms) = postSolution
		{2B457F46-49E9-4E66-9CBF-3288B7D4E3CD}.Debug|Any CPU.ActiveCfg = Debug|Any CPU
		{2B457F46-49E9-4E66-9CBF-3288B7D4E3CD}.Debug|Any CPU.Build.0 = Debug|Any CPU
		{2B457F46-49E9-4E66-9CBF-3288B7D4E3CD}.Release|Any CPU.ActiveCfg = Release|Any CPU
		{2B457F46-49E9-4E66-9CBF-3288B7D4E3CD}.Release|Any CPU.Build.0 = Release|Any CPU
		{78DA7060-D54B-4825-9432-1FEA934DA2F8}.Debug|Any CPU.ActiveCfg = Debug|Any CPU
		{78DA7060-D54B-4825-9432-1FEA934DA2F8}.Debug|Any CPU.Build.0 = Debug|Any CPU
		{78DA7060-D54B-4825-9432-1FEA934DA2F8}.Release|Any CPU.ActiveCfg = Release|Any CPU
		{78DA7060-D54B-4825-9432-1FEA934DA2F8}.Release|Any CPU.Build.0 = Release|Any CPU
	EndGlobalSection
	GlobalSection(SolutionProperties) = preSolution
		HideSolutionNode = FALSE
	EndGlobalSection
	GlobalSection(ExtensibilityGlobals) = postSolution
		SolutionGuid = {6566C811-A829-48BE-9DFB-0E5CC2D706AF}
	EndGlobalSection
EndGlobal
